{
  "version": 4,
  "terraform_version": "1.5.1",
  "serial": 7,
  "lineage": "3699aa0a-f2cb-8cc7-b7d0-c645dbd6a415",
  "outputs": {
    "google_compute_firewall": {
      "value": "projects/sample-392312/global/firewalls/samplefirewall",
      "type": "string"
    },
    "google_compute_instance": {
      "value": "projects/sample-392312/zones/us-central1-a/instances/sampleinstance",
      "type": "string"
    },
    "google_compute_network": {
      "value": "projects/sample-392312/global/networks/samplevpc",
      "type": "string"
    },
    "google_compute_subnetwork": {
      "value": "projects/sample-392312/regions/us-central1/subnetworks/samplesubnet",
      "type": "string"
    },
    "google_container_cluster": {
      "value": "projects/sample-392312/locations/us-central1/clusters/sample-gke-cluster",
      "type": "string"
    },
    "google_container_node_pool": {
      "value": "projects/sample-392312/locations/us-central1/clusters/sample-gke-cluster/nodePools/sample-node-pool",
      "type": "string"
    }
  },
  "resources": [
    {
      "mode": "managed",
      "type": "google_compute_firewall",
      "name": "firewall",
      "provider": "provider[\"registry.terraform.io/hashicorp/google\"]",
      "instances": [
        {
          "schema_version": 1,
          "attributes": {
            "allow": [
              {
                "ports": [
                  "22",
                  "80"
                ],
                "protocol": "tcp"
              },
              {
                "ports": [],
                "protocol": "icmp"
              }
            ],
            "creation_timestamp": "2023-07-09T08:25:50.681-07:00",
            "deny": [],
            "description": "",
            "destination_ranges": [],
            "direction": "INGRESS",
            "disabled": false,
            "enable_logging": null,
            "id": "projects/sample-392312/global/firewalls/samplefirewall",
            "log_config": [],
            "name": "samplefirewall",
            "network": "https://www.googleapis.com/compute/v1/projects/sample-392312/global/networks/samplevpc",
            "priority": 1000,
            "project": "sample-392312",
            "self_link": "https://www.googleapis.com/compute/v1/projects/sample-392312/global/firewalls/samplefirewall",
            "source_ranges": [
              "0.0.0.0/0"
            ],
            "source_service_accounts": null,
            "source_tags": null,
            "target_service_accounts": null,
            "target_tags": [
              "generalaccess"
            ],
            "timeouts": null
          },
          "sensitive_attributes": [],
          "private": "eyJlMmJmYjczMC1lY2FhLTExZTYtOGY4OC0zNDM2M2JjN2M0YzAiOnsiY3JlYXRlIjoxMjAwMDAwMDAwMDAwLCJkZWxldGUiOjEyMDAwMDAwMDAwMDAsInVwZGF0ZSI6MTIwMDAwMDAwMDAwMH0sInNjaGVtYV92ZXJzaW9uIjoiMSJ9",
          "dependencies": [
            "google_compute_network.vpc"
          ]
        }
      ]
    },
    {
      "mode": "managed",
      "type": "google_compute_instance",
      "name": "default",
      "provider": "provider[\"registry.terraform.io/hashicorp/google\"]",
      "instances": [
        {
          "schema_version": 6,
          "attributes": {
            "advanced_machine_features": [],
            "allow_stopping_for_update": true,
            "attached_disk": [],
            "boot_disk": [
              {
                "auto_delete": true,
                "device_name": "persistent-disk-0",
                "disk_encryption_key_raw": "",
                "disk_encryption_key_sha256": "",
                "initialize_params": [
                  {
                    "image": "https://www.googleapis.com/compute/v1/projects/ubuntu-os-cloud/global/images/ubuntu-2004-focal-v20230628",
                    "labels": {},
                    "resource_manager_tags": null,
                    "size": 10,
                    "type": "pd-standard"
                  }
                ],
                "kms_key_self_link": "",
                "mode": "READ_WRITE",
                "source": "https://www.googleapis.com/compute/v1/projects/sample-392312/zones/us-central1-a/disks/sampleinstance"
              }
            ],
            "can_ip_forward": false,
            "confidential_instance_config": [],
            "cpu_platform": "Intel Broadwell",
            "current_status": "RUNNING",
            "deletion_protection": false,
            "description": "",
            "desired_status": null,
            "enable_display": false,
            "guest_accelerator": [],
            "hostname": "",
            "id": "projects/sample-392312/zones/us-central1-a/instances/sampleinstance",
            "instance_id": "4800020917298622309",
            "label_fingerprint": "42WmSpB8rSM=",
            "labels": null,
            "machine_type": "e2-micro",
            "metadata": null,
            "metadata_fingerprint": "ZDfIoryTPME=",
            "metadata_startup_script": "#! /bin/bash\napt update\napt -y install apache2\ncat \u003c\u003cEOF \u003e /var/www/html/index.html\n\u003chtml\u003e\u003cbody\u003e\u003cp\u003eWelcome to the Assignment given by JUKSHIO\u003c/p\u003e\u003c/body\u003e\u003c/html\u003e\nEOF\n",
            "min_cpu_platform": "",
            "name": "sampleinstance",
            "network_interface": [
              {
                "access_config": [
                  {
                    "nat_ip": "35.188.130.105",
                    "network_tier": "PREMIUM",
                    "public_ptr_domain_name": ""
                  }
                ],
                "alias_ip_range": [],
                "ipv6_access_config": [],
                "ipv6_access_type": "",
                "name": "nic0",
                "network": "https://www.googleapis.com/compute/v1/projects/sample-392312/global/networks/samplevpc",
                "network_ip": "10.0.0.2",
                "nic_type": "",
                "queue_count": 0,
                "stack_type": "IPV4_ONLY",
                "subnetwork": "https://www.googleapis.com/compute/v1/projects/sample-392312/regions/us-central1/subnetworks/samplesubnet",
                "subnetwork_project": "sample-392312"
              }
            ],
            "network_performance_config": [],
            "params": [],
            "project": "sample-392312",
            "reservation_affinity": [],
            "resource_policies": null,
            "scheduling": [
              {
                "automatic_restart": true,
                "instance_termination_action": "",
                "min_node_cpus": 0,
                "node_affinities": [],
                "on_host_maintenance": "MIGRATE",
                "preemptible": false,
                "provisioning_model": "STANDARD"
              }
            ],
            "scratch_disk": [],
            "self_link": "https://www.googleapis.com/compute/v1/projects/sample-392312/zones/us-central1-a/instances/sampleinstance",
            "service_account": [],
            "shielded_instance_config": [
              {
                "enable_integrity_monitoring": true,
                "enable_secure_boot": false,
                "enable_vtpm": true
              }
            ],
            "tags": [
              "generalaccess"
            ],
            "tags_fingerprint": "krRdwYEbIRc=",
            "timeouts": null,
            "zone": "us-central1-a"
          },
          "sensitive_attributes": [],
          "private": "eyJlMmJmYjczMC1lY2FhLTExZTYtOGY4OC0zNDM2M2JjN2M0YzAiOnsiY3JlYXRlIjoxMjAwMDAwMDAwMDAwLCJkZWxldGUiOjEyMDAwMDAwMDAwMDAsInVwZGF0ZSI6MTIwMDAwMDAwMDAwMH0sInNjaGVtYV92ZXJzaW9uIjoiNiJ9",
          "dependencies": [
            "google_compute_network.vpc",
            "google_compute_subnetwork.subnet"
          ]
        }
      ]
    },
    {
      "mode": "managed",
      "type": "google_compute_network",
      "name": "vpc",
      "provider": "provider[\"registry.terraform.io/hashicorp/google\"]",
      "instances": [
        {
          "schema_version": 0,
          "attributes": {
            "auto_create_subnetworks": false,
            "delete_default_routes_on_create": false,
            "description": "",
            "enable_ula_internal_ipv6": false,
            "gateway_ipv4": "",
            "id": "projects/sample-392312/global/networks/samplevpc",
            "internal_ipv6_range": "",
            "mtu": 0,
            "name": "samplevpc",
            "network_firewall_policy_enforcement_order": "AFTER_CLASSIC_FIREWALL",
            "project": "sample-392312",
            "routing_mode": "REGIONAL",
            "self_link": "https://www.googleapis.com/compute/v1/projects/sample-392312/global/networks/samplevpc",
            "timeouts": null
          },
          "sensitive_attributes": [],
          "private": "eyJlMmJmYjczMC1lY2FhLTExZTYtOGY4OC0zNDM2M2JjN2M0YzAiOnsiY3JlYXRlIjoxMjAwMDAwMDAwMDAwLCJkZWxldGUiOjEyMDAwMDAwMDAwMDAsInVwZGF0ZSI6MTIwMDAwMDAwMDAwMH19"
        }
      ]
    },
    {
      "mode": "managed",
      "type": "google_compute_subnetwork",
      "name": "subnet",
      "provider": "provider[\"registry.terraform.io/hashicorp/google\"]",
      "instances": [
        {
          "schema_version": 0,
          "attributes": {
            "creation_timestamp": "2023-07-09T08:25:50.901-07:00",
            "description": "",
            "external_ipv6_prefix": "",
            "fingerprint": null,
            "gateway_address": "10.0.0.1",
            "id": "projects/sample-392312/regions/us-central1/subnetworks/samplesubnet",
            "ip_cidr_range": "10.0.0.0/16",
            "ipv6_access_type": "",
            "ipv6_cidr_range": "",
            "log_config": [],
            "name": "samplesubnet",
            "network": "https://www.googleapis.com/compute/v1/projects/sample-392312/global/networks/samplevpc",
            "private_ip_google_access": false,
            "private_ipv6_google_access": "DISABLE_GOOGLE_ACCESS",
            "project": "sample-392312",
            "purpose": "PRIVATE",
            "region": "us-central1",
            "role": "",
            "secondary_ip_range": [],
            "self_link": "https://www.googleapis.com/compute/v1/projects/sample-392312/regions/us-central1/subnetworks/samplesubnet",
            "stack_type": "IPV4_ONLY",
            "timeouts": null
          },
          "sensitive_attributes": [],
          "private": "eyJlMmJmYjczMC1lY2FhLTExZTYtOGY4OC0zNDM2M2JjN2M0YzAiOnsiY3JlYXRlIjoxMjAwMDAwMDAwMDAwLCJkZWxldGUiOjEyMDAwMDAwMDAwMDAsInVwZGF0ZSI6MTIwMDAwMDAwMDAwMH19",
          "dependencies": [
            "google_compute_network.vpc"
          ]
        }
      ]
    },
    {
      "mode": "managed",
      "type": "google_container_cluster",
      "name": "primary",
      "provider": "provider[\"registry.terraform.io/hashicorp/google\"]",
      "instances": [
        {
          "schema_version": 1,
          "attributes": {
            "addons_config": [
              {
                "cloudrun_config": [],
                "config_connector_config": [],
                "dns_cache_config": [],
                "gce_persistent_disk_csi_driver_config": [
                  {
                    "enabled": true
                  }
                ],
                "gcp_filestore_csi_driver_config": [],
                "gke_backup_agent_config": [],
                "horizontal_pod_autoscaling": [],
                "http_load_balancing": [],
                "network_policy_config": [
                  {
                    "disabled": true
                  }
                ]
              }
            ],
            "authenticator_groups_config": [],
            "binary_authorization": [
              {
                "enabled": false,
                "evaluation_mode": ""
              }
            ],
            "cluster_autoscaling": [
              {
                "auto_provisioning_defaults": [],
                "enabled": false,
                "resource_limits": []
              }
            ],
            "cluster_ipv4_cidr": "10.80.0.0/14",
            "confidential_nodes": [],
            "cost_management_config": [],
            "database_encryption": [
              {
                "key_name": "",
                "state": "DECRYPTED"
              }
            ],
            "datapath_provider": "",
            "default_max_pods_per_node": null,
            "default_snat_status": [
              {
                "disabled": false
              }
            ],
            "description": "GKE Cluster for sample project",
            "dns_config": [],
            "enable_autopilot": false,
            "enable_binary_authorization": false,
            "enable_intranode_visibility": false,
            "enable_kubernetes_alpha": false,
            "enable_l4_ilb_subsetting": false,
            "enable_legacy_abac": false,
            "enable_shielded_nodes": true,
            "enable_tpu": false,
            "endpoint": "34.29.184.205",
            "gateway_api_config": [],
            "id": "projects/sample-392312/locations/us-central1/clusters/sample-gke-cluster",
            "initial_node_count": 1,
            "ip_allocation_policy": [],
            "label_fingerprint": "a9dc16a7",
            "location": "us-central1",
            "logging_config": [
              {
                "enable_components": [
                  "SYSTEM_COMPONENTS",
                  "WORKLOADS"
                ]
              }
            ],
            "logging_service": "logging.googleapis.com/kubernetes",
            "maintenance_policy": [],
            "master_auth": [
              {
                "client_certificate": "",
                "client_certificate_config": [
                  {
                    "issue_client_certificate": false
                  }
                ],
                "client_key": "",
                "cluster_ca_certificate": "LS0tLS1CRUdJTiBDRVJUSUZJQ0FURS0tLS0tCk1JSUVMRENDQXBTZ0F3SUJBZ0lRV3VOVDB5YVlDdDFyRHY5UTVaNU4zakFOQmdrcWhraUc5dzBCQVFzRkFEQXYKTVMwd0t3WURWUVFERXlRMFlqTXpZek14WkMwNVpXRTFMVFExTnpBdE9EZGxZaTFrWkRrMk5ERmlNVFJsT0RndwpJQmNOTWpNd056QTVNVFF5TmpBeVdoZ1BNakExTXpBM01ERXhOVEkyTURKYU1DOHhMVEFyQmdOVkJBTVRKRFJpCk16TmpNekZrTFRsbFlUVXRORFUzTUMwNE4yVmlMV1JrT1RZME1XSXhOR1U0T0RDQ0FhSXdEUVlKS29aSWh2Y04KQVFFQkJRQURnZ0dQQURDQ0FZb0NnZ0dCQU10dnVTT2htY21EaHNKaHJVb2xlWGNFOE9TUmk0NkdlaGtqMFJzdQo1c0tVdmFPYXJaMkFMSWE4T2JLS0NMZUoyaWxidThGc3ZyVTRlOWM3N2FoM2ExZHo5K0FZK1BWdVh6elNZbzRYCm1WWG5kRVRvcWE1eVhONVlCS1kzWmNKTUlSZ3M2WU02c0NsSXdjUU5oZWhyS0ZJSnY2bDdHaldXbmZaa3grWXcKSDVhNzdUdnlob1lobVdPdnJWNk8xMjVyWVk0U05jTTZoOEcraE9SOWdoMkc5ZXNoOEpvQVUwQzRPZkdCTG51QwpVTjZlWlRkUjhrRFhiR1pHRmYrckNYRWlKak1HUHpHNFM4eDVZaVczOGtjb0xadUQwNjlYM0Z3Y3UwczdxRlp6CkJFMy9IWTYvR2prNlByTXcyM3hmMFo2TGpBMmFvZWZnSXMzbTA2NmIzN01renRMcHdRdzdpUE02RFhhbENxNUcKajJMNTZkdmdUTFo1NEpWRUlWYUYwRGRONnd0L2tSMW9GTTcvak1iVzhyUkl0ckNVS3RtK0RQMllRRzFhNVJxegpGUXptTTVoa1RsczQxTS9VTEtwUW4yNGVlVWdkczB6TXVQRmoxL3JzUUt5STRueGN6dnRlWmlZS1MrRzA1RlFxClRaRDJLTENkUVV0TlFaYWpSMm91Rk95VFd3SURBUUFCbzBJd1FEQU9CZ05WSFE4QkFmOEVCQU1DQWdRd0R3WUQKVlIwVEFRSC9CQVV3QXdFQi96QWRCZ05WSFE0RUZnUVVMQnlBTnRDRWYwNEV4ODF1bVhEUU1SL29iNnN3RFFZSgpLb1pJaHZjTkFRRUxCUUFEZ2dHQkFNaDFncUJMU095Zk5sMHUyQjB4NFAyUXlMeklnNHRuaUNaWURoUXlTbXNLCmVWTkd1dGtHUnZCVnVOZmdxRXA1SE1EQUdnU0hhd0JPUzdRRVJDcXNyVzl1cjIvYXBpQmpNS0duU2QrNWVIcUwKeUJsOWY3Sk9ha2FQay9ocjJEaDJsY0YvU3FZTkNMYzdmOGFRdjQrRGF3S3B1dm96dExrVmw1N25ZZ0JVNUtxWQpEV2lPUkVPS0NRVGphMnYxczBOM3QyT1YxekVEVTVOVjJhTDgwOGxvM1NQZzBscjdGMksxTDRSWUhVc1EwUjU0CmI1RS9mbE9DU2hsQmUycWRRVURFWnlHMWF1NjdxMldxWVlwZzdLOUR2Zk8vaEcydVBxbW1HdW5JTFUra1lDcVUKQWMzR21wV09ZdTAxd0hFS0hIUXhrVkF2Z0hwRjQ5UWdTcGFxOU1jdGtRaGVqdkx3c3FIeUllNXF0aGp4TW9laApaMERYYk9VRWpQbkhIb2haWHloRjVEZkpUWWxTOXhxSnFDbkZKelUwb0hobTQvTkZhRFBTWTRJWThiUnVCSklJCnBkeEFHQjlCSnhmOVhWR20vcnE5ZGw4T2JUNkRvNGtpQXB2eXp2RmtkMEM0TDU5YVZEQkl4RTBlT3ZsNUVMZlEKU0FDNUxpaU1CYlltOWtuOUdiL2c4UT09Ci0tLS0tRU5EIENFUlRJRklDQVRFLS0tLS0K"
              }
            ],
            "master_authorized_networks_config": [],
            "master_version": "1.26.5-gke.1200",
            "mesh_certificates": [],
            "min_master_version": null,
            "monitoring_config": [
              {
                "enable_components": [
                  "SYSTEM_COMPONENTS"
                ],
                "managed_prometheus": []
              }
            ],
            "monitoring_service": "monitoring.googleapis.com/kubernetes",
            "name": "sample-gke-cluster",
            "network": "projects/sample-392312/global/networks/samplevpc",
            "network_policy": [
              {
                "enabled": false,
                "provider": "PROVIDER_UNSPECIFIED"
              }
            ],
            "networking_mode": "ROUTES",
            "node_config": [],
            "node_locations": [
              "us-central1-a",
              "us-central1-c",
              "us-central1-f"
            ],
            "node_pool": [],
            "node_pool_defaults": [
              {
                "node_config_defaults": [
                  {
                    "logging_variant": "DEFAULT"
                  }
                ]
              }
            ],
            "node_version": "1.26.5-gke.1200",
            "notification_config": [
              {
                "pubsub": [
                  {
                    "enabled": false,
                    "filter": [],
                    "topic": ""
                  }
                ]
              }
            ],
            "operation": null,
            "private_cluster_config": [
              {
                "enable_private_endpoint": false,
                "enable_private_nodes": false,
                "master_global_access_config": [
                  {
                    "enabled": false
                  }
                ],
                "master_ipv4_cidr_block": "",
                "peering_name": "",
                "private_endpoint": "10.0.0.3",
                "private_endpoint_subnetwork": "",
                "public_endpoint": "34.29.184.205"
              }
            ],
            "private_ipv6_google_access": "",
            "project": "sample-392312",
            "release_channel": [
              {
                "channel": "REGULAR"
              }
            ],
            "remove_default_node_pool": true,
            "resource_labels": null,
            "resource_usage_export_config": [],
            "security_posture_config": [
              {
                "mode": "MODE_UNSPECIFIED",
                "vulnerability_mode": "VULNERABILITY_MODE_UNSPECIFIED"
              }
            ],
            "self_link": "https://container.googleapis.com/v1/projects/sample-392312/locations/us-central1/clusters/sample-gke-cluster",
            "service_external_ips_config": [
              {
                "enabled": false
              }
            ],
            "services_ipv4_cidr": "10.83.240.0/20",
            "subnetwork": "projects/sample-392312/regions/us-central1/subnetworks/samplesubnet",
            "timeouts": null,
            "tpu_ipv4_cidr_block": "",
            "vertical_pod_autoscaling": [],
            "workload_identity_config": []
          },
          "sensitive_attributes": [],
          "private": "eyJlMmJmYjczMC1lY2FhLTExZTYtOGY4OC0zNDM2M2JjN2M0YzAiOnsiY3JlYXRlIjoyNDAwMDAwMDAwMDAwLCJkZWxldGUiOjI0MDAwMDAwMDAwMDAsInJlYWQiOjI0MDAwMDAwMDAwMDAsInVwZGF0ZSI6MzYwMDAwMDAwMDAwMH0sInNjaGVtYV92ZXJzaW9uIjoiMSJ9",
          "dependencies": [
            "google_compute_network.vpc",
            "google_compute_subnetwork.subnet"
          ]
        }
      ]
    },
    {
      "mode": "managed",
      "type": "google_container_node_pool",
      "name": "primary",
      "provider": "provider[\"registry.terraform.io/hashicorp/google\"]",
      "instances": [
        {
          "schema_version": 1,
          "attributes": {
            "autoscaling": [],
            "cluster": "projects/sample-392312/locations/us-central1/clusters/sample-gke-cluster",
            "id": "projects/sample-392312/locations/us-central1/clusters/sample-gke-cluster/nodePools/sample-node-pool",
            "initial_node_count": 1,
            "instance_group_urls": [
              "https://www.googleapis.com/compute/v1/projects/sample-392312/zones/us-central1-b/instanceGroupManagers/gke-sample-gke-clust-sample-node-pool-849520b7-grp",
              "https://www.googleapis.com/compute/v1/projects/sample-392312/zones/us-central1-c/instanceGroupManagers/gke-sample-gke-clust-sample-node-pool-6a90e4b0-grp"
            ],
            "location": "us-central1",
            "managed_instance_group_urls": [
              "https://www.googleapis.com/compute/v1/projects/sample-392312/zones/us-central1-b/instanceGroups/gke-sample-gke-clust-sample-node-pool-849520b7-grp",
              "https://www.googleapis.com/compute/v1/projects/sample-392312/zones/us-central1-c/instanceGroups/gke-sample-gke-clust-sample-node-pool-6a90e4b0-grp"
            ],
            "management": [
              {
                "auto_repair": true,
                "auto_upgrade": true
              }
            ],
            "max_pods_per_node": null,
            "name": "sample-node-pool",
            "name_prefix": "",
            "network_config": [
              {
                "create_pod_range": false,
                "enable_private_nodes": false,
                "pod_cidr_overprovision_config": [],
                "pod_ipv4_cidr_block": "",
                "pod_range": ""
              }
            ],
            "node_config": [
              {
                "advanced_machine_features": [],
                "boot_disk_kms_key": "",
                "disk_size_gb": 100,
                "disk_type": "pd-balanced",
                "ephemeral_storage_local_ssd_config": [],
                "gcfs_config": [],
                "guest_accelerator": [],
                "gvnic": [],
                "image_type": "COS_CONTAINERD",
                "kubelet_config": [],
                "labels": {},
                "linux_node_config": [],
                "local_nvme_ssd_block_config": [],
                "local_ssd_count": 0,
                "logging_variant": "DEFAULT",
                "machine_type": "e2-medium",
                "metadata": {
                  "disable-legacy-endpoints": "true"
                },
                "min_cpu_platform": "",
                "node_group": "",
                "oauth_scopes": [
                  "https://www.googleapis.com/auth/devstorage.read_only",
                  "https://www.googleapis.com/auth/logging.write",
                  "https://www.googleapis.com/auth/monitoring",
                  "https://www.googleapis.com/auth/service.management.readonly",
                  "https://www.googleapis.com/auth/servicecontrol",
                  "https://www.googleapis.com/auth/trace.append"
                ],
                "preemptible": false,
                "reservation_affinity": [],
                "resource_labels": null,
                "service_account": "default",
                "shielded_instance_config": [
                  {
                    "enable_integrity_monitoring": true,
                    "enable_secure_boot": false
                  }
                ],
                "sole_tenant_config": [],
                "spot": false,
                "tags": null,
                "taint": [],
                "workload_metadata_config": []
              }
            ],
            "node_count": 1,
            "node_locations": [
              "us-central1-b",
              "us-central1-c"
            ],
            "operation": null,
            "placement_policy": [],
            "project": "sample-392312",
            "timeouts": null,
            "upgrade_settings": [
              {
                "blue_green_settings": [],
                "max_surge": 1,
                "max_unavailable": 0,
                "strategy": "SURGE"
              }
            ],
            "version": "1.26.5-gke.1200"
          },
          "sensitive_attributes": [],
          "private": "eyJlMmJmYjczMC1lY2FhLTExZTYtOGY4OC0zNDM2M2JjN2M0YzAiOnsiY3JlYXRlIjoxODAwMDAwMDAwMDAwLCJkZWxldGUiOjE4MDAwMDAwMDAwMDAsInVwZGF0ZSI6MTgwMDAwMDAwMDAwMH0sInNjaGVtYV92ZXJzaW9uIjoiMSJ9",
          "dependencies": [
            "google_compute_network.vpc",
            "google_compute_subnetwork.subnet",
            "google_container_cluster.primary"
          ]
        }
      ]
    }
  ],
  "check_results": null
}
